// !$*UTF8*$!
{
	archiveVersion = 1;
	classes = {
	};
	objectVersion = 46;
	objects = {

/* Begin PBXBuildFile section */
		5DE3BA6287E68E8F6794D763 /* libPods.a in Frameworks */ = {isa = PBXBuildFile; fileRef = 2500890284AEA6A6C8433667 /* libPods.a */; };
		8831157D1BF0BDD80022ADCD /* main.m in Sources */ = {isa = PBXBuildFile; fileRef = 8831157C1BF0BDD80022ADCD /* main.m */; };
		883115801BF0BDD80022ADCD /* AppDelegate.m in Sources */ = {isa = PBXBuildFile; fileRef = 8831157F1BF0BDD80022ADCD /* AppDelegate.m */; };
		883115861BF0BDD80022ADCD /* Main.storyboard in Resources */ = {isa = PBXBuildFile; fileRef = 883115841BF0BDD80022ADCD /* Main.storyboard */; };
		8831158B1BF0BDD80022ADCD /* LaunchScreen.xib in Resources */ = {isa = PBXBuildFile; fileRef = 883115891BF0BDD80022ADCD /* LaunchScreen.xib */; };
		883115971BF0BDD80022ADCD /* CatchLifeTests.m in Sources */ = {isa = PBXBuildFile; fileRef = 883115961BF0BDD80022ADCD /* CatchLifeTests.m */; };
		8876F1A01BF8789800BE06B6 /* MyBase.m in Sources */ = {isa = PBXBuildFile; fileRef = 8876F19F1BF8789800BE06B6 /* MyBase.m */; };
		8876F1A31BF87E6600BE06B6 /* BaseViewController.m in Sources */ = {isa = PBXBuildFile; fileRef = 8876F1A21BF87E6600BE06B6 /* BaseViewController.m */; };
		8876F1A41BF87E6600BE06B6 /* BaseViewController.m in Sources */ = {isa = PBXBuildFile; fileRef = 8876F1A21BF87E6600BE06B6 /* BaseViewController.m */; };
		8876F1A71BF87E8900BE06B6 /* ZYTabBarController.m in Sources */ = {isa = PBXBuildFile; fileRef = 8876F1A61BF87E8900BE06B6 /* ZYTabBarController.m */; };
		8876F1C61BF897EF00BE06B6 /* RecreationController.m in Sources */ = {isa = PBXBuildFile; fileRef = 8876F1C51BF897EF00BE06B6 /* RecreationController.m */; };
		8876F1C91BF8983A00BE06B6 /* LifeController.m in Sources */ = {isa = PBXBuildFile; fileRef = 8876F1C81BF8983A00BE06B6 /* LifeController.m */; };
		8876F1CC1BF8985400BE06B6 /* GroupBuyController.m in Sources */ = {isa = PBXBuildFile; fileRef = 8876F1CB1BF8985400BE06B6 /* GroupBuyController.m */; };
		8876F1CF1BF8986700BE06B6 /* TripController.m in Sources */ = {isa = PBXBuildFile; fileRef = 8876F1CE1BF8986700BE06B6 /* TripController.m */; };
		8876F1D21BF8987C00BE06B6 /* NewsController.m in Sources */ = {isa = PBXBuildFile; fileRef = 8876F1D11BF8987C00BE06B6 /* NewsController.m */; };
		8876F2361BF8A27600BE06B6 /* tabbar1.png in Resources */ = {isa = PBXBuildFile; fileRef = 8876F1F61BF8A27600BE06B6 /* tabbar1.png */; };
		8876F2371BF8A27600BE06B6 /* tabbar1@2x.png in Resources */ = {isa = PBXBuildFile; fileRef = 8876F1F71BF8A27600BE06B6 /* tabbar1@2x.png */; };
		8876F2381BF8A27600BE06B6 /* tabbar1@3x.png in Resources */ = {isa = PBXBuildFile; fileRef = 8876F1F81BF8A27600BE06B6 /* tabbar1@3x.png */; };
		8876F2391BF8A27600BE06B6 /* tabbar2.png in Resources */ = {isa = PBXBuildFile; fileRef = 8876F1F91BF8A27600BE06B6 /* tabbar2.png */; };
		8876F23A1BF8A27600BE06B6 /* tabbar2@2x.png in Resources */ = {isa = PBXBuildFile; fileRef = 8876F1FA1BF8A27600BE06B6 /* tabbar2@2x.png */; };
		8876F23B1BF8A27600BE06B6 /* tabbar2@3x.png in Resources */ = {isa = PBXBuildFile; fileRef = 8876F1FB1BF8A27600BE06B6 /* tabbar2@3x.png */; };
		8876F23C1BF8A27600BE06B6 /* tabbar3.png in Resources */ = {isa = PBXBuildFile; fileRef = 8876F1FC1BF8A27600BE06B6 /* tabbar3.png */; };
		8876F23D1BF8A27600BE06B6 /* tabbar3@2x.png in Resources */ = {isa = PBXBuildFile; fileRef = 8876F1FD1BF8A27600BE06B6 /* tabbar3@2x.png */; };
		8876F23E1BF8A27600BE06B6 /* tabbar3@3x.png in Resources */ = {isa = PBXBuildFile; fileRef = 8876F1FE1BF8A27600BE06B6 /* tabbar3@3x.png */; };
		8876F23F1BF8A27600BE06B6 /* tabbar4.png in Resources */ = {isa = PBXBuildFile; fileRef = 8876F1FF1BF8A27600BE06B6 /* tabbar4.png */; };
		8876F2401BF8A27600BE06B6 /* tabbar4@2x.png in Resources */ = {isa = PBXBuildFile; fileRef = 8876F2001BF8A27600BE06B6 /* tabbar4@2x.png */; };
		8876F2411BF8A27600BE06B6 /* tabbar4@3x.png in Resources */ = {isa = PBXBuildFile; fileRef = 8876F2011BF8A27600BE06B6 /* tabbar4@3x.png */; };
		8876F2421BF8A27600BE06B6 /* tabbar5.png in Resources */ = {isa = PBXBuildFile; fileRef = 8876F2021BF8A27600BE06B6 /* tabbar5.png */; };
		8876F2431BF8A27600BE06B6 /* tabbar5@2x.png in Resources */ = {isa = PBXBuildFile; fileRef = 8876F2031BF8A27600BE06B6 /* tabbar5@2x.png */; };
		8876F2441BF8A27600BE06B6 /* tabbar5@3x.png in Resources */ = {isa = PBXBuildFile; fileRef = 8876F2041BF8A27600BE06B6 /* tabbar5@3x.png */; };
		8876F2451BF8A27600BE06B6 /* tabbar1s.png in Resources */ = {isa = PBXBuildFile; fileRef = 8876F2061BF8A27600BE06B6 /* tabbar1s.png */; };
		8876F2461BF8A27600BE06B6 /* tabbar1s@2x.png in Resources */ = {isa = PBXBuildFile; fileRef = 8876F2071BF8A27600BE06B6 /* tabbar1s@2x.png */; };
		8876F2471BF8A27600BE06B6 /* tabbar1s@3x.png in Resources */ = {isa = PBXBuildFile; fileRef = 8876F2081BF8A27600BE06B6 /* tabbar1s@3x.png */; };
		8876F2481BF8A27600BE06B6 /* tabbar2s.png in Resources */ = {isa = PBXBuildFile; fileRef = 8876F2091BF8A27600BE06B6 /* tabbar2s.png */; };
		8876F2491BF8A27600BE06B6 /* tabbar2s@2x.png in Resources */ = {isa = PBXBuildFile; fileRef = 8876F20A1BF8A27600BE06B6 /* tabbar2s@2x.png */; };
		8876F24A1BF8A27600BE06B6 /* tabbar2s@3x.png in Resources */ = {isa = PBXBuildFile; fileRef = 8876F20B1BF8A27600BE06B6 /* tabbar2s@3x.png */; };
		8876F24B1BF8A27600BE06B6 /* tabbar3s.png in Resources */ = {isa = PBXBuildFile; fileRef = 8876F20C1BF8A27600BE06B6 /* tabbar3s.png */; };
		8876F24C1BF8A27600BE06B6 /* tabbar3s@2x.png in Resources */ = {isa = PBXBuildFile; fileRef = 8876F20D1BF8A27600BE06B6 /* tabbar3s@2x.png */; };
		8876F24D1BF8A27600BE06B6 /* tabbar3s@3x.png in Resources */ = {isa = PBXBuildFile; fileRef = 8876F20E1BF8A27600BE06B6 /* tabbar3s@3x.png */; };
		8876F24E1BF8A27600BE06B6 /* tabbar4s.png in Resources */ = {isa = PBXBuildFile; fileRef = 8876F20F1BF8A27600BE06B6 /* tabbar4s.png */; };
		8876F24F1BF8A27600BE06B6 /* tabbar4s@2x.png in Resources */ = {isa = PBXBuildFile; fileRef = 8876F2101BF8A27600BE06B6 /* tabbar4s@2x.png */; };
		8876F2501BF8A27600BE06B6 /* tabbar4s@3x.png in Resources */ = {isa = PBXBuildFile; fileRef = 8876F2111BF8A27600BE06B6 /* tabbar4s@3x.png */; };
		8876F2511BF8A27600BE06B6 /* tabbar5s.png in Resources */ = {isa = PBXBuildFile; fileRef = 8876F2121BF8A27600BE06B6 /* tabbar5s.png */; };
		8876F2521BF8A27600BE06B6 /* tabbar5s@2x.png in Resources */ = {isa = PBXBuildFile; fileRef = 8876F2131BF8A27600BE06B6 /* tabbar5s@2x.png */; };
		8876F2531BF8A27600BE06B6 /* tabbar5s@3x.png in Resources */ = {isa = PBXBuildFile; fileRef = 8876F2141BF8A27600BE06B6 /* tabbar5s@3x.png */; };
		8876F2541BF8A27600BE06B6 /* weather.png in Resources */ = {isa = PBXBuildFile; fileRef = 8876F2161BF8A27600BE06B6 /* weather.png */; };
		8876F2551BF8A27600BE06B6 /* weatherTopBG.png in Resources */ = {isa = PBXBuildFile; fileRef = 8876F2171BF8A27600BE06B6 /* weatherTopBG.png */; };
		8876F2561BF8A27600BE06B6 /* weatherTopBG@2x.png in Resources */ = {isa = PBXBuildFile; fileRef = 8876F2181BF8A27600BE06B6 /* weatherTopBG@2x.png */; };
		8876F2571BF8A27600BE06B6 /* weatherTopBG@3x.png in Resources */ = {isa = PBXBuildFile; fileRef = 8876F2191BF8A27600BE06B6 /* weatherTopBG@3x.png */; };
		8876F25F1BF8BADC00BE06B6 /* Images.xcassets in Resources */ = {isa = PBXBuildFile; fileRef = 8876F25E1BF8BADC00BE06B6 /* Images.xcassets */; };
/* End PBXBuildFile section */

/* Begin PBXContainerItemProxy section */
		883115911BF0BDD80022ADCD /* PBXContainerItemProxy */ = {
			isa = PBXContainerItemProxy;
			containerPortal = 8831156F1BF0BDD80022ADCD /* Project object */;
			proxyType = 1;
			remoteGlobalIDString = 883115761BF0BDD80022ADCD;
			remoteInfo = CatchLife;
		};
/* End PBXContainerItemProxy section */

/* Begin PBXFileReference section */
		2500890284AEA6A6C8433667 /* libPods.a */ = {isa = PBXFileReference; explicitFileType = archive.ar; includeInIndex = 0; path = libPods.a; sourceTree = BUILT_PRODUCTS_DIR; };
		25F674448317D05BB84B6A6A /* Pods.debug.xcconfig */ = {isa = PBXFileReference; includeInIndex = 1; lastKnownFileType = text.xcconfig; name = Pods.debug.xcconfig; path = "Pods/Target Support Files/Pods/Pods.debug.xcconfig"; sourceTree = "<group>"; };
		883115771BF0BDD80022ADCD /* CatchLife.app */ = {isa = PBXFileReference; explicitFileType = wrapper.application; includeInIndex = 0; path = CatchLife.app; sourceTree = BUILT_PRODUCTS_DIR; };
		8831157B1BF0BDD80022ADCD /* Info.plist */ = {isa = PBXFileReference; lastKnownFileType = text.plist.xml; path = Info.plist; sourceTree = "<group>"; };
		8831157C1BF0BDD80022ADCD /* main.m */ = {isa = PBXFileReference; lastKnownFileType = sourcecode.c.objc; path = main.m; sourceTree = "<group>"; };
		8831157E1BF0BDD80022ADCD /* AppDelegate.h */ = {isa = PBXFileReference; lastKnownFileType = sourcecode.c.h; path = AppDelegate.h; sourceTree = "<group>"; };
		8831157F1BF0BDD80022ADCD /* AppDelegate.m */ = {isa = PBXFileReference; lastKnownFileType = sourcecode.c.objc; path = AppDelegate.m; sourceTree = "<group>"; };
		883115851BF0BDD80022ADCD /* Base */ = {isa = PBXFileReference; lastKnownFileType = file.storyboard; name = Base; path = Base.lproj/Main.storyboard; sourceTree = "<group>"; };
		8831158A1BF0BDD80022ADCD /* Base */ = {isa = PBXFileReference; lastKnownFileType = file.xib; name = Base; path = Base.lproj/LaunchScreen.xib; sourceTree = "<group>"; };
		883115901BF0BDD80022ADCD /* CatchLifeTests.xctest */ = {isa = PBXFileReference; explicitFileType = wrapper.cfbundle; includeInIndex = 0; path = CatchLifeTests.xctest; sourceTree = BUILT_PRODUCTS_DIR; };
		883115951BF0BDD80022ADCD /* Info.plist */ = {isa = PBXFileReference; lastKnownFileType = text.plist.xml; path = Info.plist; sourceTree = "<group>"; };
		883115961BF0BDD80022ADCD /* CatchLifeTests.m */ = {isa = PBXFileReference; lastKnownFileType = sourcecode.c.objc; path = CatchLifeTests.m; sourceTree = "<group>"; };
		8876F19E1BF8789800BE06B6 /* MyBase.h */ = {isa = PBXFileReference; fileEncoding = 4; lastKnownFileType = sourcecode.c.h; path = MyBase.h; sourceTree = "<group>"; };
		8876F19F1BF8789800BE06B6 /* MyBase.m */ = {isa = PBXFileReference; fileEncoding = 4; lastKnownFileType = sourcecode.c.objc; path = MyBase.m; sourceTree = "<group>"; };
		8876F1A11BF87E6600BE06B6 /* BaseViewController.h */ = {isa = PBXFileReference; fileEncoding = 4; lastKnownFileType = sourcecode.c.h; path = BaseViewController.h; sourceTree = "<group>"; };
		8876F1A21BF87E6600BE06B6 /* BaseViewController.m */ = {isa = PBXFileReference; fileEncoding = 4; lastKnownFileType = sourcecode.c.objc; path = BaseViewController.m; sourceTree = "<group>"; };
		8876F1A51BF87E8900BE06B6 /* ZYTabBarController.h */ = {isa = PBXFileReference; fileEncoding = 4; lastKnownFileType = sourcecode.c.h; path = ZYTabBarController.h; sourceTree = "<group>"; };
		8876F1A61BF87E8900BE06B6 /* ZYTabBarController.m */ = {isa = PBXFileReference; fileEncoding = 4; lastKnownFileType = sourcecode.c.objc; path = ZYTabBarController.m; sourceTree = "<group>"; };
		8876F1C41BF897EF00BE06B6 /* RecreationController.h */ = {isa = PBXFileReference; fileEncoding = 4; lastKnownFileType = sourcecode.c.h; path = RecreationController.h; sourceTree = "<group>"; };
		8876F1C51BF897EF00BE06B6 /* RecreationController.m */ = {isa = PBXFileReference; fileEncoding = 4; lastKnownFileType = sourcecode.c.objc; path = RecreationController.m; sourceTree = "<group>"; };
		8876F1C71BF8983A00BE06B6 /* LifeController.h */ = {isa = PBXFileReference; fileEncoding = 4; lastKnownFileType = sourcecode.c.h; name = LifeController.h; path = "CatchLife/Class/Trip(出行)/FirstPage/LifeController.h"; sourceTree = SOURCE_ROOT; };
		8876F1C81BF8983A00BE06B6 /* LifeController.m */ = {isa = PBXFileReference; fileEncoding = 4; lastKnownFileType = sourcecode.c.objc; name = LifeController.m; path = "CatchLife/Class/Trip(出行)/FirstPage/LifeController.m"; sourceTree = SOURCE_ROOT; };
		8876F1CA1BF8985400BE06B6 /* GroupBuyController.h */ = {isa = PBXFileReference; fileEncoding = 4; lastKnownFileType = sourcecode.c.h; path = GroupBuyController.h; sourceTree = "<group>"; };
		8876F1CB1BF8985400BE06B6 /* GroupBuyController.m */ = {isa = PBXFileReference; fileEncoding = 4; lastKnownFileType = sourcecode.c.objc; path = GroupBuyController.m; sourceTree = "<group>"; };
		8876F1CD1BF8986700BE06B6 /* TripController.h */ = {isa = PBXFileReference; fileEncoding = 4; lastKnownFileType = sourcecode.c.h; path = TripController.h; sourceTree = "<group>"; };
		8876F1CE1BF8986700BE06B6 /* TripController.m */ = {isa = PBXFileReference; fileEncoding = 4; lastKnownFileType = sourcecode.c.objc; path = TripController.m; sourceTree = "<group>"; };
		8876F1D01BF8987C00BE06B6 /* NewsController.h */ = {isa = PBXFileReference; fileEncoding = 4; lastKnownFileType = sourcecode.c.h; path = NewsController.h; sourceTree = "<group>"; };
		8876F1D11BF8987C00BE06B6 /* NewsController.m */ = {isa = PBXFileReference; fileEncoding = 4; lastKnownFileType = sourcecode.c.objc; path = NewsController.m; sourceTree = "<group>"; };
		8876F1D31BF89ACB00BE06B6 /* PCHeader.h */ = {isa = PBXFileReference; fileEncoding = 4; lastKnownFileType = sourcecode.c.h; path = PCHeader.h; sourceTree = "<group>"; };
		8876F1D41BF89B0900BE06B6 /* Const.h */ = {isa = PBXFileReference; fileEncoding = 4; lastKnownFileType = sourcecode.c.h; path = Const.h; sourceTree = "<group>"; };
		8876F1D51BF89B1600BE06B6 /* Public.h */ = {isa = PBXFileReference; fileEncoding = 4; lastKnownFileType = sourcecode.c.h; path = Public.h; sourceTree = "<group>"; };
		8876F1F61BF8A27600BE06B6 /* tabbar1.png */ = {isa = PBXFileReference; lastKnownFileType = image.png; path = tabbar1.png; sourceTree = "<group>"; };
		8876F1F71BF8A27600BE06B6 /* tabbar1@2x.png */ = {isa = PBXFileReference; lastKnownFileType = image.png; path = "tabbar1@2x.png"; sourceTree = "<group>"; };
		8876F1F81BF8A27600BE06B6 /* tabbar1@3x.png */ = {isa = PBXFileReference; lastKnownFileType = image.png; path = "tabbar1@3x.png"; sourceTree = "<group>"; };
		8876F1F91BF8A27600BE06B6 /* tabbar2.png */ = {isa = PBXFileReference; lastKnownFileType = image.png; path = tabbar2.png; sourceTree = "<group>"; };
		8876F1FA1BF8A27600BE06B6 /* tabbar2@2x.png */ = {isa = PBXFileReference; lastKnownFileType = image.png; path = "tabbar2@2x.png"; sourceTree = "<group>"; };
		8876F1FB1BF8A27600BE06B6 /* tabbar2@3x.png */ = {isa = PBXFileReference; lastKnownFileType = image.png; path = "tabbar2@3x.png"; sourceTree = "<group>"; };
		8876F1FC1BF8A27600BE06B6 /* tabbar3.png */ = {isa = PBXFileReference; lastKnownFileType = image.png; path = tabbar3.png; sourceTree = "<group>"; };
		8876F1FD1BF8A27600BE06B6 /* tabbar3@2x.png */ = {isa = PBXFileReference; lastKnownFileType = image.png; path = "tabbar3@2x.png"; sourceTree = "<group>"; };
		8876F1FE1BF8A27600BE06B6 /* tabbar3@3x.png */ = {isa = PBXFileReference; lastKnownFileType = image.png; path = "tabbar3@3x.png"; sourceTree = "<group>"; };
		8876F1FF1BF8A27600BE06B6 /* tabbar4.png */ = {isa = PBXFileReference; lastKnownFileType = image.png; path = tabbar4.png; sourceTree = "<group>"; };
		8876F2001BF8A27600BE06B6 /* tabbar4@2x.png */ = {isa = PBXFileReference; lastKnownFileType = image.png; path = "tabbar4@2x.png"; sourceTree = "<group>"; };
		8876F2011BF8A27600BE06B6 /* tabbar4@3x.png */ = {isa = PBXFileReference; lastKnownFileType = image.png; path = "tabbar4@3x.png"; sourceTree = "<group>"; };
		8876F2021BF8A27600BE06B6 /* tabbar5.png */ = {isa = PBXFileReference; lastKnownFileType = image.png; path = tabbar5.png; sourceTree = "<group>"; };
		8876F2031BF8A27600BE06B6 /* tabbar5@2x.png */ = {isa = PBXFileReference; lastKnownFileType = image.png; path = "tabbar5@2x.png"; sourceTree = "<group>"; };
		8876F2041BF8A27600BE06B6 /* tabbar5@3x.png */ = {isa = PBXFileReference; lastKnownFileType = image.png; path = "tabbar5@3x.png"; sourceTree = "<group>"; };
		8876F2061BF8A27600BE06B6 /* tabbar1s.png */ = {isa = PBXFileReference; lastKnownFileType = image.png; path = tabbar1s.png; sourceTree = "<group>"; };
		8876F2071BF8A27600BE06B6 /* tabbar1s@2x.png */ = {isa = PBXFileReference; lastKnownFileType = image.png; path = "tabbar1s@2x.png"; sourceTree = "<group>"; };
		8876F2081BF8A27600BE06B6 /* tabbar1s@3x.png */ = {isa = PBXFileReference; lastKnownFileType = image.png; path = "tabbar1s@3x.png"; sourceTree = "<group>"; };
		8876F2091BF8A27600BE06B6 /* tabbar2s.png */ = {isa = PBXFileReference; lastKnownFileType = image.png; path = tabbar2s.png; sourceTree = "<group>"; };
		8876F20A1BF8A27600BE06B6 /* tabbar2s@2x.png */ = {isa = PBXFileReference; lastKnownFileType = image.png; path = "tabbar2s@2x.png"; sourceTree = "<group>"; };
		8876F20B1BF8A27600BE06B6 /* tabbar2s@3x.png */ = {isa = PBXFileReference; lastKnownFileType = image.png; path = "tabbar2s@3x.png"; sourceTree = "<group>"; };
		8876F20C1BF8A27600BE06B6 /* tabbar3s.png */ = {isa = PBXFileReference; lastKnownFileType = image.png; path = tabbar3s.png; sourceTree = "<group>"; };
		8876F20D1BF8A27600BE06B6 /* tabbar3s@2x.png */ = {isa = PBXFileReference; lastKnownFileType = image.png; path = "tabbar3s@2x.png"; sourceTree = "<group>"; };
		8876F20E1BF8A27600BE06B6 /* tabbar3s@3x.png */ = {isa = PBXFileReference; lastKnownFileType = image.png; path = "tabbar3s@3x.png"; sourceTree = "<group>"; };
		8876F20F1BF8A27600BE06B6 /* tabbar4s.png */ = {isa = PBXFileReference; lastKnownFileType = image.png; path = tabbar4s.png; sourceTree = "<group>"; };
		8876F2101BF8A27600BE06B6 /* tabbar4s@2x.png */ = {isa = PBXFileReference; lastKnownFileType = image.png; path = "tabbar4s@2x.png"; sourceTree = "<group>"; };
		8876F2111BF8A27600BE06B6 /* tabbar4s@3x.png */ = {isa = PBXFileReference; lastKnownFileType = image.png; path = "tabbar4s@3x.png"; sourceTree = "<group>"; };
		8876F2121BF8A27600BE06B6 /* tabbar5s.png */ = {isa = PBXFileReference; lastKnownFileType = image.png; path = tabbar5s.png; sourceTree = "<group>"; };
		8876F2131BF8A27600BE06B6 /* tabbar5s@2x.png */ = {isa = PBXFileReference; lastKnownFileType = image.png; path = "tabbar5s@2x.png"; sourceTree = "<group>"; };
		8876F2141BF8A27600BE06B6 /* tabbar5s@3x.png */ = {isa = PBXFileReference; lastKnownFileType = image.png; path = "tabbar5s@3x.png"; sourceTree = "<group>"; };
		8876F2161BF8A27600BE06B6 /* weather.png */ = {isa = PBXFileReference; lastKnownFileType = image.png; path = weather.png; sourceTree = "<group>"; };
		8876F2171BF8A27600BE06B6 /* weatherTopBG.png */ = {isa = PBXFileReference; lastKnownFileType = image.png; path = weatherTopBG.png; sourceTree = "<group>"; };
		8876F2181BF8A27600BE06B6 /* weatherTopBG@2x.png */ = {isa = PBXFileReference; lastKnownFileType = image.png; path = "weatherTopBG@2x.png"; sourceTree = "<group>"; };
		8876F2191BF8A27600BE06B6 /* weatherTopBG@3x.png */ = {isa = PBXFileReference; lastKnownFileType = image.png; path = "weatherTopBG@3x.png"; sourceTree = "<group>"; };
		8876F25E1BF8BADC00BE06B6 /* Images.xcassets */ = {isa = PBXFileReference; lastKnownFileType = folder.assetcatalog; path = Images.xcassets; sourceTree = "<group>"; };
		D9DC0BCDA981898826056711 /* Pods.release.xcconfig */ = {isa = PBXFileReference; includeInIndex = 1; lastKnownFileType = text.xcconfig; name = Pods.release.xcconfig; path = "Pods/Target Support Files/Pods/Pods.release.xcconfig"; sourceTree = "<group>"; };
/* End PBXFileReference section */

/* Begin PBXFrameworksBuildPhase section */
		883115741BF0BDD80022ADCD /* Frameworks */ = {
			isa = PBXFrameworksBuildPhase;
			buildActionMask = 2147483647;
			files = (
				5DE3BA6287E68E8F6794D763 /* libPods.a in Frameworks */,
			);
			runOnlyForDeploymentPostprocessing = 0;
		};
		8831158D1BF0BDD80022ADCD /* Frameworks */ = {
			isa = PBXFrameworksBuildPhase;
			buildActionMask = 2147483647;
			files = (
			);
			runOnlyForDeploymentPostprocessing = 0;
		};
/* End PBXFrameworksBuildPhase section */

/* Begin PBXGroup section */
		0870E741BFEA3006B5CF85D0 /* Pods */ = {
			isa = PBXGroup;
			children = (
				25F674448317D05BB84B6A6A /* Pods.debug.xcconfig */,
				D9DC0BCDA981898826056711 /* Pods.release.xcconfig */,
			);
			name = Pods;
			sourceTree = "<group>";
		};
		0C42ED1FE068D9ECFD771802 /* Frameworks */ = {
			isa = PBXGroup;
			children = (
				2500890284AEA6A6C8433667 /* libPods.a */,
			);
			name = Frameworks;
			sourceTree = "<group>";
		};
		8831156E1BF0BDD80022ADCD = {
			isa = PBXGroup;
			children = (
				883115791BF0BDD80022ADCD /* CatchLife */,
				883115931BF0BDD80022ADCD /* CatchLifeTests */,
				883115781BF0BDD80022ADCD /* Products */,
				0870E741BFEA3006B5CF85D0 /* Pods */,
				0C42ED1FE068D9ECFD771802 /* Frameworks */,
			);
			sourceTree = "<group>";
		};
		883115781BF0BDD80022ADCD /* Products */ = {
			isa = PBXGroup;
			children = (
				883115771BF0BDD80022ADCD /* CatchLife.app */,
				883115901BF0BDD80022ADCD /* CatchLifeTests.xctest */,
			);
			name = Products;
			sourceTree = "<group>";
		};
		883115791BF0BDD80022ADCD /* CatchLife */ = {
			isa = PBXGroup;
			children = (
				88ABA2361BF0F364007C6209 /* Class */,
				8831157E1BF0BDD80022ADCD /* AppDelegate.h */,
				8831157F1BF0BDD80022ADCD /* AppDelegate.m */,
				883115841BF0BDD80022ADCD /* Main.storyboard */,
				8876F1D61BF8A27600BE06B6 /* Resources */,
				883115891BF0BDD80022ADCD /* LaunchScreen.xib */,
				8831157A1BF0BDD80022ADCD /* Supporting Files */,
				8876F1D31BF89ACB00BE06B6 /* PCHeader.h */,
				8876F1D41BF89B0900BE06B6 /* Const.h */,
				8876F1D51BF89B1600BE06B6 /* Public.h */,
				8876F25E1BF8BADC00BE06B6 /* Images.xcassets */,
			);
			path = CatchLife;
			sourceTree = "<group>";
		};
		8831157A1BF0BDD80022ADCD /* Supporting Files */ = {
			isa = PBXGroup;
			children = (
				8831157B1BF0BDD80022ADCD /* Info.plist */,
				8831157C1BF0BDD80022ADCD /* main.m */,
			);
			name = "Supporting Files";
			sourceTree = "<group>";
		};
		883115931BF0BDD80022ADCD /* CatchLifeTests */ = {
			isa = PBXGroup;
			children = (
				883115961BF0BDD80022ADCD /* CatchLifeTests.m */,
				883115941BF0BDD80022ADCD /* Supporting Files */,
			);
			path = CatchLifeTests;
			sourceTree = "<group>";
		};
		883115941BF0BDD80022ADCD /* Supporting Files */ = {
			isa = PBXGroup;
			children = (
				883115951BF0BDD80022ADCD /* Info.plist */,
			);
			name = "Supporting Files";
			sourceTree = "<group>";
		};
		8876F19C1BF8775C00BE06B6 /* Tool */ = {
			isa = PBXGroup;
			children = (
			);
			path = Tool;
			sourceTree = "<group>";
		};
		8876F1AB1BF8958D00BE06B6 /* FirstPage */ = {
			isa = PBXGroup;
			children = (
				8876F1AC1BF8958D00BE06B6 /* Controller */,
				8876F1AD1BF8958D00BE06B6 /* Model */,
				8876F1AE1BF8958D00BE06B6 /* View */,
			);
			path = FirstPage;
			sourceTree = "<group>";
		};
		8876F1AC1BF8958D00BE06B6 /* Controller */ = {
			isa = PBXGroup;
			children = (
				8876F1C71BF8983A00BE06B6 /* LifeController.h */,
				8876F1C81BF8983A00BE06B6 /* LifeController.m */,
			);
			path = Controller;
			sourceTree = "<group>";
		};
		8876F1AD1BF8958D00BE06B6 /* Model */ = {
			isa = PBXGroup;
			children = (
			);
			path = Model;
			sourceTree = "<group>";
		};
		8876F1AE1BF8958D00BE06B6 /* View */ = {
			isa = PBXGroup;
			children = (
			);
			path = View;
			sourceTree = "<group>";
		};
		8876F1B21BF8977500BE06B6 /* News(新闻) */ = {
			isa = PBXGroup;
			children = (
				8876F1B31BF8977500BE06B6 /* FirstPage */,
			);
			path = "News(新闻)";
			sourceTree = "<group>";
		};
		8876F1B31BF8977500BE06B6 /* FirstPage */ = {
			isa = PBXGroup;
			children = (
				8876F1B41BF8977500BE06B6 /* Controller */,
				8876F1B51BF8977500BE06B6 /* Model */,
				8876F1B61BF8977500BE06B6 /* View */,
			);
			path = FirstPage;
			sourceTree = "<group>";
		};
		8876F1B41BF8977500BE06B6 /* Controller */ = {
			isa = PBXGroup;
			children = (
				8876F1D01BF8987C00BE06B6 /* NewsController.h */,
				8876F1D11BF8987C00BE06B6 /* NewsController.m */,
			);
			path = Controller;
			sourceTree = "<group>";
		};
		8876F1B51BF8977500BE06B6 /* Model */ = {
			isa = PBXGroup;
			children = (
			);
			path = Model;
			sourceTree = "<group>";
		};
		8876F1B61BF8977500BE06B6 /* View */ = {
			isa = PBXGroup;
			children = (
			);
			path = View;
			sourceTree = "<group>";
		};
		8876F1B71BF8977500BE06B6 /* Trip(出行) */ = {
			isa = PBXGroup;
			children = (
				8876F1B81BF8977500BE06B6 /* FirstPage */,
			);
			path = "Trip(出行)";
			sourceTree = "<group>";
		};
		8876F1B81BF8977500BE06B6 /* FirstPage */ = {
			isa = PBXGroup;
			children = (
				8876F1B91BF8977500BE06B6 /* Controller */,
				8876F1BA1BF8977500BE06B6 /* Model */,
				8876F1BB1BF8977500BE06B6 /* View */,
			);
			path = FirstPage;
			sourceTree = "<group>";
		};
		8876F1B91BF8977500BE06B6 /* Controller */ = {
			isa = PBXGroup;
			children = (
				8876F1CD1BF8986700BE06B6 /* TripController.h */,
				8876F1CE1BF8986700BE06B6 /* TripController.m */,
			);
			path = Controller;
			sourceTree = "<group>";
		};
		8876F1BA1BF8977500BE06B6 /* Model */ = {
			isa = PBXGroup;
			children = (
			);
			path = Model;
			sourceTree = "<group>";
		};
		8876F1BB1BF8977500BE06B6 /* View */ = {
			isa = PBXGroup;
			children = (
			);
			path = View;
			sourceTree = "<group>";
		};
		8876F1BC1BF897AD00BE06B6 /* FirstPage */ = {
			isa = PBXGroup;
			children = (
				8876F1BD1BF897AD00BE06B6 /* Controller */,
				8876F1BE1BF897AD00BE06B6 /* Model */,
				8876F1BF1BF897AD00BE06B6 /* View */,
			);
			path = FirstPage;
			sourceTree = "<group>";
		};
		8876F1BD1BF897AD00BE06B6 /* Controller */ = {
			isa = PBXGroup;
			children = (
				8876F1C41BF897EF00BE06B6 /* RecreationController.h */,
				8876F1C51BF897EF00BE06B6 /* RecreationController.m */,
			);
			path = Controller;
			sourceTree = "<group>";
		};
		8876F1BE1BF897AD00BE06B6 /* Model */ = {
			isa = PBXGroup;
			children = (
			);
			path = Model;
			sourceTree = "<group>";
		};
		8876F1BF1BF897AD00BE06B6 /* View */ = {
			isa = PBXGroup;
			children = (
			);
			path = View;
			sourceTree = "<group>";
		};
		8876F1C01BF897B500BE06B6 /* FirstPage */ = {
			isa = PBXGroup;
			children = (
				8876F1C11BF897B500BE06B6 /* Controller */,
				8876F1C21BF897B500BE06B6 /* Model */,
				8876F1C31BF897B500BE06B6 /* View */,
			);
			path = FirstPage;
			sourceTree = "<group>";
		};
		8876F1C11BF897B500BE06B6 /* Controller */ = {
			isa = PBXGroup;
			children = (
				8876F1CA1BF8985400BE06B6 /* GroupBuyController.h */,
				8876F1CB1BF8985400BE06B6 /* GroupBuyController.m */,
			);
			path = Controller;
			sourceTree = "<group>";
		};
		8876F1C21BF897B500BE06B6 /* Model */ = {
			isa = PBXGroup;
			children = (
			);
			path = Model;
			sourceTree = "<group>";
		};
		8876F1C31BF897B500BE06B6 /* View */ = {
			isa = PBXGroup;
			children = (
			);
			path = View;
			sourceTree = "<group>";
		};
		8876F1D61BF8A27600BE06B6 /* Resources */ = {
			isa = PBXGroup;
			children = (
				8876F1F41BF8A27600BE06B6 /* TabBar */,
				8876F2151BF8A27600BE06B6 /* weather */,
			);
			path = Resources;
			sourceTree = "<group>";
		};
		8876F1F41BF8A27600BE06B6 /* TabBar */ = {
			isa = PBXGroup;
			children = (
				8876F1F51BF8A27600BE06B6 /* normal */,
				8876F2051BF8A27600BE06B6 /* selected */,
			);
			path = TabBar;
			sourceTree = "<group>";
		};
		8876F1F51BF8A27600BE06B6 /* normal */ = {
			isa = PBXGroup;
			children = (
				8876F1F61BF8A27600BE06B6 /* tabbar1.png */,
				8876F1F71BF8A27600BE06B6 /* tabbar1@2x.png */,
				8876F1F81BF8A27600BE06B6 /* tabbar1@3x.png */,
				8876F1F91BF8A27600BE06B6 /* tabbar2.png */,
				8876F1FA1BF8A27600BE06B6 /* tabbar2@2x.png */,
				8876F1FB1BF8A27600BE06B6 /* tabbar2@3x.png */,
				8876F1FC1BF8A27600BE06B6 /* tabbar3.png */,
				8876F1FD1BF8A27600BE06B6 /* tabbar3@2x.png */,
				8876F1FE1BF8A27600BE06B6 /* tabbar3@3x.png */,
				8876F1FF1BF8A27600BE06B6 /* tabbar4.png */,
				8876F2001BF8A27600BE06B6 /* tabbar4@2x.png */,
				8876F2011BF8A27600BE06B6 /* tabbar4@3x.png */,
				8876F2021BF8A27600BE06B6 /* tabbar5.png */,
				8876F2031BF8A27600BE06B6 /* tabbar5@2x.png */,
				8876F2041BF8A27600BE06B6 /* tabbar5@3x.png */,
			);
			path = normal;
			sourceTree = "<group>";
		};
		8876F2051BF8A27600BE06B6 /* selected */ = {
			isa = PBXGroup;
			children = (
				8876F2061BF8A27600BE06B6 /* tabbar1s.png */,
				8876F2071BF8A27600BE06B6 /* tabbar1s@2x.png */,
				8876F2081BF8A27600BE06B6 /* tabbar1s@3x.png */,
				8876F2091BF8A27600BE06B6 /* tabbar2s.png */,
				8876F20A1BF8A27600BE06B6 /* tabbar2s@2x.png */,
				8876F20B1BF8A27600BE06B6 /* tabbar2s@3x.png */,
				8876F20C1BF8A27600BE06B6 /* tabbar3s.png */,
				8876F20D1BF8A27600BE06B6 /* tabbar3s@2x.png */,
				8876F20E1BF8A27600BE06B6 /* tabbar3s@3x.png */,
				8876F20F1BF8A27600BE06B6 /* tabbar4s.png */,
				8876F2101BF8A27600BE06B6 /* tabbar4s@2x.png */,
				8876F2111BF8A27600BE06B6 /* tabbar4s@3x.png */,
				8876F2121BF8A27600BE06B6 /* tabbar5s.png */,
				8876F2131BF8A27600BE06B6 /* tabbar5s@2x.png */,
				8876F2141BF8A27600BE06B6 /* tabbar5s@3x.png */,
			);
			path = selected;
			sourceTree = "<group>";
		};
		8876F2151BF8A27600BE06B6 /* weather */ = {
			isa = PBXGroup;
			children = (
				8876F2161BF8A27600BE06B6 /* weather.png */,
				8876F2171BF8A27600BE06B6 /* weatherTopBG.png */,
				8876F2181BF8A27600BE06B6 /* weatherTopBG@2x.png */,
				8876F2191BF8A27600BE06B6 /* weatherTopBG@3x.png */,
			);
			path = weather;
			sourceTree = "<group>";
		};
		88ABA2361BF0F364007C6209 /* Class */ = {
			isa = PBXGroup;
			children = (
				88ABA2371BF0F364007C6209 /* Extention */,
				88ABA2401BF0F364007C6209 /* Main */,
				88ABA2391BF0F364007C6209 /* Life(生活) */,
				88ABA2481BF0F364007C6209 /* Recreation(娱乐) */,
				88ABA2381BF0F364007C6209 /* GroupBuy(团购) */,
				8876F1B71BF8977500BE06B6 /* Trip(出行) */,
				8876F1B21BF8977500BE06B6 /* News(新闻) */,
			);
			path = Class;
			sourceTree = "<group>";
		};
		88ABA2371BF0F364007C6209 /* Extention */ = {
			isa = PBXGroup;
			children = (
			);
			path = Extention;
			sourceTree = "<group>";
		};
		88ABA2381BF0F364007C6209 /* GroupBuy(团购) */ = {
			isa = PBXGroup;
			children = (
				8876F1C01BF897B500BE06B6 /* FirstPage */,
			);
			path = "GroupBuy(团购)";
			sourceTree = "<group>";
		};
		88ABA2391BF0F364007C6209 /* Life(生活) */ = {
			isa = PBXGroup;
			children = (
				8876F1AB1BF8958D00BE06B6 /* FirstPage */,
				8876F19C1BF8775C00BE06B6 /* Tool */,
			);
			path = "Life(生活)";
			sourceTree = "<group>";
		};
		88ABA2401BF0F364007C6209 /* Main */ = {
			isa = PBXGroup;
			children = (
				8876F19E1BF8789800BE06B6 /* MyBase.h */,
				8876F19F1BF8789800BE06B6 /* MyBase.m */,
				8876F1A11BF87E6600BE06B6 /* BaseViewController.h */,
				8876F1A21BF87E6600BE06B6 /* BaseViewController.m */,
				8876F1A51BF87E8900BE06B6 /* ZYTabBarController.h */,
				8876F1A61BF87E8900BE06B6 /* ZYTabBarController.m */,
			);
			path = Main;
			sourceTree = "<group>";
		};
		88ABA2481BF0F364007C6209 /* Recreation(娱乐) */ = {
			isa = PBXGroup;
			children = (
				8876F1BC1BF897AD00BE06B6 /* FirstPage */,
			);
			path = "Recreation(娱乐)";
			sourceTree = "<group>";
		};
/* End PBXGroup section */

/* Begin PBXNativeTarget section */
		883115761BF0BDD80022ADCD /* CatchLife */ = {
			isa = PBXNativeTarget;
			buildConfigurationList = 8831159A1BF0BDD80022ADCD /* Build configuration list for PBXNativeTarget "CatchLife" */;
			buildPhases = (
				4A188B423A06732EE8B3F6AF /* Check Pods Manifest.lock */,
				883115731BF0BDD80022ADCD /* Sources */,
				883115741BF0BDD80022ADCD /* Frameworks */,
				883115751BF0BDD80022ADCD /* Resources */,
				7395CE2D83300B3BB7A79638 /* Embed Pods Frameworks */,
				8A4115456BBE38024A4C7510 /* Copy Pods Resources */,
			);
			buildRules = (
			);
			dependencies = (
			);
			name = CatchLife;
			productName = CatchLife;
			productReference = 883115771BF0BDD80022ADCD /* CatchLife.app */;
			productType = "com.apple.product-type.application";
		};
		8831158F1BF0BDD80022ADCD /* CatchLifeTests */ = {
			isa = PBXNativeTarget;
			buildConfigurationList = 8831159D1BF0BDD80022ADCD /* Build configuration list for PBXNativeTarget "CatchLifeTests" */;
			buildPhases = (
				8831158C1BF0BDD80022ADCD /* Sources */,
				8831158D1BF0BDD80022ADCD /* Frameworks */,
				8831158E1BF0BDD80022ADCD /* Resources */,
			);
			buildRules = (
			);
			dependencies = (
				883115921BF0BDD80022ADCD /* PBXTargetDependency */,
			);
			name = CatchLifeTests;
			productName = CatchLifeTests;
			productReference = 883115901BF0BDD80022ADCD /* CatchLifeTests.xctest */;
			productType = "com.apple.product-type.bundle.unit-test";
		};
/* End PBXNativeTarget section */

/* Begin PBXProject section */
		8831156F1BF0BDD80022ADCD /* Project object */ = {
			isa = PBXProject;
			attributes = {
				LastUpgradeCheck = 0640;
				ORGANIZATIONNAME = iMAC;
				TargetAttributes = {
					883115761BF0BDD80022ADCD = {
						CreatedOnToolsVersion = 6.4;
					};
					8831158F1BF0BDD80022ADCD = {
						CreatedOnToolsVersion = 6.4;
						TestTargetID = 883115761BF0BDD80022ADCD;
					};
				};
			};
			buildConfigurationList = 883115721BF0BDD80022ADCD /* Build configuration list for PBXProject "CatchLife" */;
			compatibilityVersion = "Xcode 3.2";
			developmentRegion = English;
			hasScannedForEncodings = 0;
			knownRegions = (
				en,
				Base,
			);
			mainGroup = 8831156E1BF0BDD80022ADCD;
			productRefGroup = 883115781BF0BDD80022ADCD /* Products */;
			projectDirPath = "";
			projectRoot = "";
			targets = (
				883115761BF0BDD80022ADCD /* CatchLife */,
				8831158F1BF0BDD80022ADCD /* CatchLifeTests */,
			);
		};
/* End PBXProject section */

/* Begin PBXResourcesBuildPhase section */
		883115751BF0BDD80022ADCD /* Resources */ = {
			isa = PBXResourcesBuildPhase;
			buildActionMask = 2147483647;
			files = (
				883115861BF0BDD80022ADCD /* Main.storyboard in Resources */,
				8831158B1BF0BDD80022ADCD /* LaunchScreen.xib in Resources */,
				8876F23F1BF8A27600BE06B6 /* tabbar4.png in Resources */,
				8876F24C1BF8A27600BE06B6 /* tabbar3s@2x.png in Resources */,
				8876F24D1BF8A27600BE06B6 /* tabbar3s@3x.png in Resources */,
				8876F2481BF8A27600BE06B6 /* tabbar2s.png in Resources */,
				8876F2431BF8A27600BE06B6 /* tabbar5@2x.png in Resources */,
				8876F25F1BF8BADC00BE06B6 /* Images.xcassets in Resources */,
				8876F2451BF8A27600BE06B6 /* tabbar1s.png in Resources */,
				8876F2461BF8A27600BE06B6 /* tabbar1s@2x.png in Resources */,
				8876F23D1BF8A27600BE06B6 /* tabbar3@2x.png in Resources */,
				8876F24E1BF8A27600BE06B6 /* tabbar4s.png in Resources */,
				8876F2551BF8A27600BE06B6 /* weatherTopBG.png in Resources */,
				8876F2401BF8A27600BE06B6 /* tabbar4@2x.png in Resources */,
				8876F2391BF8A27600BE06B6 /* tabbar2.png in Resources */,
				8876F2531BF8A27600BE06B6 /* tabbar5s@3x.png in Resources */,
				8876F2561BF8A27600BE06B6 /* weatherTopBG@2x.png in Resources */,
				8876F2371BF8A27600BE06B6 /* tabbar1@2x.png in Resources */,
				8876F24A1BF8A27600BE06B6 /* tabbar2s@3x.png in Resources */,
				8876F2501BF8A27600BE06B6 /* tabbar4s@3x.png in Resources */,
				8876F2411BF8A27600BE06B6 /* tabbar4@3x.png in Resources */,
				8876F23C1BF8A27600BE06B6 /* tabbar3.png in Resources */,
				8876F2511BF8A27600BE06B6 /* tabbar5s.png in Resources */,
				8876F2471BF8A27600BE06B6 /* tabbar1s@3x.png in Resources */,
				8876F2441BF8A27600BE06B6 /* tabbar5@3x.png in Resources */,
				8876F23A1BF8A27600BE06B6 /* tabbar2@2x.png in Resources */,
				8876F2541BF8A27600BE06B6 /* weather.png in Resources */,
				8876F24B1BF8A27600BE06B6 /* tabbar3s.png in Resources */,
				8876F2571BF8A27600BE06B6 /* weatherTopBG@3x.png in Resources */,
				8876F2361BF8A27600BE06B6 /* tabbar1.png in Resources */,
				8876F23E1BF8A27600BE06B6 /* tabbar3@3x.png in Resources */,
				8876F2381BF8A27600BE06B6 /* tabbar1@3x.png in Resources */,
				8876F24F1BF8A27600BE06B6 /* tabbar4s@2x.png in Resources */,
				8876F2521BF8A27600BE06B6 /* tabbar5s@2x.png in Resources */,
				8876F23B1BF8A27600BE06B6 /* tabbar2@3x.png in Resources */,
				8876F2421BF8A27600BE06B6 /* tabbar5.png in Resources */,
				8876F2491BF8A27600BE06B6 /* tabbar2s@2x.png in Resources */,
			);
			runOnlyForDeploymentPostprocessing = 0;
		};
		8831158E1BF0BDD80022ADCD /* Resources */ = {
			isa = PBXResourcesBuildPhase;
			buildActionMask = 2147483647;
			files = (
			);
			runOnlyForDeploymentPostprocessing = 0;
		};
/* End PBXResourcesBuildPhase section */

/* Begin PBXShellScriptBuildPhase section */
		4A188B423A06732EE8B3F6AF /* Check Pods Manifest.lock */ = {
			isa = PBXShellScriptBuildPhase;
			buildActionMask = 2147483647;
			files = (
			);
			inputPaths = (
			);
			name = "Check Pods Manifest.lock";
			outputPaths = (
			);
			runOnlyForDeploymentPostprocessing = 0;
			shellPath = /bin/sh;
			shellScript = "diff \"${PODS_ROOT}/../Podfile.lock\" \"${PODS_ROOT}/Manifest.lock\" > /dev/null\nif [[ $? != 0 ]] ; then\n    cat << EOM\nerror: The sandbox is not in sync with the Podfile.lock. Run 'pod install' or update your CocoaPods installation.\nEOM\n    exit 1\nfi\n";
			showEnvVarsInLog = 0;
		};
		7395CE2D83300B3BB7A79638 /* Embed Pods Frameworks */ = {
			isa = PBXShellScriptBuildPhase;
			buildActionMask = 2147483647;
			files = (
			);
			inputPaths = (
			);
			name = "Embed Pods Frameworks";
			outputPaths = (
			);
			runOnlyForDeploymentPostprocessing = 0;
			shellPath = /bin/sh;
			shellScript = "\"${SRCROOT}/Pods/Target Support Files/Pods/Pods-frameworks.sh\"\n";
			showEnvVarsInLog = 0;
		};
		8A4115456BBE38024A4C7510 /* Copy Pods Resources */ = {
			isa = PBXShellScriptBuildPhase;
			buildActionMask = 2147483647;
			files = (
			);
			inputPaths = (
			);
			name = "Copy Pods Resources";
			outputPaths = (
			);
			runOnlyForDeploymentPostprocessing = 0;
			shellPath = /bin/sh;
			shellScript = "\"${SRCROOT}/Pods/Target Support Files/Pods/Pods-resources.sh\"\n";
			showEnvVarsInLog = 0;
		};
/* End PBXShellScriptBuildPhase section */

/* Begin PBXSourcesBuildPhase section */
		883115731BF0BDD80022ADCD /* Sources */ = {
			isa = PBXSourcesBuildPhase;
			buildActionMask = 2147483647;
			files = (
				8876F1CC1BF8985400BE06B6 /* GroupBuyController.m in Sources */,
				883115801BF0BDD80022ADCD /* AppDelegate.m in Sources */,
				8876F1D21BF8987C00BE06B6 /* NewsController.m in Sources */,
				8876F1A31BF87E6600BE06B6 /* BaseViewController.m in Sources */,
				8876F1CF1BF8986700BE06B6 /* TripController.m in Sources */,
				8876F1A01BF8789800BE06B6 /* MyBase.m in Sources */,
				8876F1A71BF87E8900BE06B6 /* ZYTabBarController.m in Sources */,
				8876F1C61BF897EF00BE06B6 /* RecreationController.m in Sources */,
				8876F1C91BF8983A00BE06B6 /* LifeController.m in Sources */,
				8831157D1BF0BDD80022ADCD /* main.m in Sources */,
			);
			runOnlyForDeploymentPostprocessing = 0;
		};
		8831158C1BF0BDD80022ADCD /* Sources */ = {
			isa = PBXSourcesBuildPhase;
			buildActionMask = 2147483647;
			files = (
				883115971BF0BDD80022ADCD /* CatchLifeTests.m in Sources */,
				8876F1A41BF87E6600BE06B6 /* BaseViewController.m in Sources */,
			);
			runOnlyForDeploymentPostprocessing = 0;
		};
/* End PBXSourcesBuildPhase section */

/* Begin PBXTargetDependency section */
		883115921BF0BDD80022ADCD /* PBXTargetDependency */ = {
			isa = PBXTargetDependency;
			target = 883115761BF0BDD80022ADCD /* CatchLife */;
			targetProxy = 883115911BF0BDD80022ADCD /* PBXContainerItemProxy */;
		};
/* End PBXTargetDependency section */

/* Begin PBXVariantGroup section */
		883115841BF0BDD80022ADCD /* Main.storyboard */ = {
			isa = PBXVariantGroup;
			children = (
				883115851BF0BDD80022ADCD /* Base */,
			);
			name = Main.storyboard;
			sourceTree = "<group>";
		};
		883115891BF0BDD80022ADCD /* LaunchScreen.xib */ = {
			isa = PBXVariantGroup;
			children = (
				8831158A1BF0BDD80022ADCD /* Base */,
			);
			name = LaunchScreen.xib;
			sourceTree = "<group>";
		};
/* End PBXVariantGroup section */

/* Begin XCBuildConfiguration section */
		883115981BF0BDD80022ADCD /* Debug */ = {
			isa = XCBuildConfiguration;
			buildSettings = {
				ALWAYS_SEARCH_USER_PATHS = NO;
				CLANG_CXX_LANGUAGE_STANDARD = "gnu++0x";
				CLANG_CXX_LIBRARY = "libc++";
				CLANG_ENABLE_MODULES = YES;
				CLANG_ENABLE_OBJC_ARC = YES;
				CLANG_WARN_BOOL_CONVERSION = YES;
				CLANG_WARN_CONSTANT_CONVERSION = YES;
				CLANG_WARN_DIRECT_OBJC_ISA_USAGE = YES_ERROR;
				CLANG_WARN_EMPTY_BODY = YES;
				CLANG_WARN_ENUM_CONVERSION = YES;
				CLANG_WARN_INT_CONVERSION = YES;
				CLANG_WARN_OBJC_ROOT_CLASS = YES_ERROR;
				CLANG_WARN_UNREACHABLE_CODE = YES;
				CLANG_WARN__DUPLICATE_METHOD_MATCH = YES;
				"CODE_SIGN_IDENTITY[sdk=iphoneos*]" = "iPhone Developer";
				COPY_PHASE_STRIP = NO;
				DEBUG_INFORMATION_FORMAT = "dwarf-with-dsym";
				ENABLE_STRICT_OBJC_MSGSEND = YES;
				GCC_C_LANGUAGE_STANDARD = gnu99;
				GCC_DYNAMIC_NO_PIC = NO;
				GCC_NO_COMMON_BLOCKS = YES;
				GCC_OPTIMIZATION_LEVEL = 0;
				GCC_PREPROCESSOR_DEFINITIONS = (
					"DEBUG=1",
					"$(inherited)",
				);
				GCC_SYMBOLS_PRIVATE_EXTERN = NO;
				GCC_WARN_64_TO_32_BIT_CONVERSION = YES;
				GCC_WARN_ABOUT_RETURN_TYPE = YES_ERROR;
				GCC_WARN_UNDECLARED_SELECTOR = YES;
				GCC_WARN_UNINITIALIZED_AUTOS = YES_AGGRESSIVE;
				GCC_WARN_UNUSED_FUNCTION = YES;
				GCC_WARN_UNUSED_VARIABLE = YES;
				IPHONEOS_DEPLOYMENT_TARGET = 8.0;
				MTL_ENABLE_DEBUG_INFO = YES;
				ONLY_ACTIVE_ARCH = YES;
				SDKROOT = iphoneos;
			};
			name = Debug;
		};
		883115991BF0BDD80022ADCD /* Release */ = {
			isa = XCBuildConfiguration;
			buildSettings = {
				ALWAYS_SEARCH_USER_PATHS = NO;
				CLANG_CXX_LANGUAGE_STANDARD = "gnu++0x";
				CLANG_CXX_LIBRARY = "libc++";
				CLANG_ENABLE_MODULES = YES;
				CLANG_ENABLE_OBJC_ARC = YES;
				CLANG_WARN_BOOL_CONVERSION = YES;
				CLANG_WARN_CONSTANT_CONVERSION = YES;
				CLANG_WARN_DIRECT_OBJC_ISA_USAGE = YES_ERROR;
				CLANG_WARN_EMPTY_BODY = YES;
				CLANG_WARN_ENUM_CONVERSION = YES;
				CLANG_WARN_INT_CONVERSION = YES;
				CLANG_WARN_OBJC_ROOT_CLASS = YES_ERROR;
				CLANG_WARN_UNREACHABLE_CODE = YES;
				CLANG_WARN__DUPLICATE_METHOD_MATCH = YES;
				"CODE_SIGN_IDENTITY[sdk=iphoneos*]" = "iPhone Developer";
				COPY_PHASE_STRIP = NO;
				DEBUG_INFORMATION_FORMAT = "dwarf-with-dsym";
				ENABLE_NS_ASSERTIONS = NO;
				ENABLE_STRICT_OBJC_MSGSEND = YES;
				GCC_C_LANGUAGE_STANDARD = gnu99;
				GCC_NO_COMMON_BLOCKS = YES;
				GCC_WARN_64_TO_32_BIT_CONVERSION = YES;
				GCC_WARN_ABOUT_RETURN_TYPE = YES_ERROR;
				GCC_WARN_UNDECLARED_SELECTOR = YES;
				GCC_WARN_UNINITIALIZED_AUTOS = YES_AGGRESSIVE;
				GCC_WARN_UNUSED_FUNCTION = YES;
				GCC_WARN_UNUSED_VARIABLE = YES;
				IPHONEOS_DEPLOYMENT_TARGET = 8.0;
				MTL_ENABLE_DEBUG_INFO = NO;
				SDKROOT = iphoneos;
				VALIDATE_PRODUCT = YES;
			};
			name = Release;
		};
		8831159B1BF0BDD80022ADCD /* Debug */ = {
			isa = XCBuildConfiguration;
			baseConfigurationReference = 25F674448317D05BB84B6A6A /* Pods.debug.xcconfig */;
			buildSettings = {
				ASSETCATALOG_COMPILER_APPICON_NAME = AppIcon;
				ASSETCATALOG_COMPILER_LAUNCHIMAGE_NAME = LaunchImage;
				CODE_SIGN_IDENTITY = "iPhone Developer: Ziyang Liu (ZP5ALWC7R8)";
				GCC_PREFIX_HEADER = "$(SRCROOT)/CatchLife/PCHeader.h";
				INFOPLIST_FILE = CatchLife/Info.plist;
				IPHONEOS_DEPLOYMENT_TARGET = 8.0;
				LD_RUNPATH_SEARCH_PATHS = "$(inherited) @executable_path/Frameworks";
				PRODUCT_NAME = "$(TARGET_NAME)";
			};
			name = Debug;
		};
		8831159C1BF0BDD80022ADCD /* Release */ = {
			isa = XCBuildConfiguration;
			baseConfigurationReference = D9DC0BCDA981898826056711 /* Pods.release.xcconfig */;
			buildSettings = {
				ASSETCATALOG_COMPILER_APPICON_NAME = AppIcon;
				ASSETCATALOG_COMPILER_LAUNCHIMAGE_NAME = LaunchImage;
				CODE_SIGN_IDENTITY = "iPhone Developer: Ziyang Liu (ZP5ALWC7R8)";
				GCC_PREFIX_HEADER = "$(SRCROOT)/CatchLife/PCHeader.h";
				INFOPLIST_FILE = CatchLife/Info.plist;
				IPHONEOS_DEPLOYMENT_TARGET = 8.0;
				LD_RUNPATH_SEARCH_PATHS = "$(inherited) @executable_path/Frameworks";
				PRODUCT_NAME = "$(TARGET_NAME)";
			};
			name = Release;
		};
		8831159E1BF0BDD80022ADCD /* Debug */ = {
			isa = XCBuildConfiguration;
			buildSettings = {
				BUNDLE_LOADER = "$(TEST_HOST)";
				FRAMEWORK_SEARCH_PATHS = (
					"$(SDKROOT)/Developer/Library/Frameworks",
					"$(inherited)",
				);
				GCC_PREFIX_HEADER = "$(SRCROOT)/CatchLife/PCHeader.h";
				GCC_PREPROCESSOR_DEFINITIONS = (
					"DEBUG=1",
					"$(inherited)",
				);
				INFOPLIST_FILE = CatchLifeTests/Info.plist;
				LD_RUNPATH_SEARCH_PATHS = "$(inherited) @executable_path/Frameworks @loader_path/Frameworks";
				PRODUCT_NAME = "$(TARGET_NAME)";
				TEST_HOST = "$(BUILT_PRODUCTS_DIR)/CatchLife.app/CatchLife";
			};
			name = Debug;
		};
		8831159F1BF0BDD80022ADCD /* Release */ = {
			isa = XCBuildConfiguration;
			buildSettings = {
				BUNDLE_LOADER = "$(TEST_HOST)";
				FRAMEWORK_SEARCH_PATHS = (
					"$(SDKROOT)/Developer/Library/Frameworks",
					"$(inherited)",
				);
				GCC_PREFIX_HEADER = "$(SRCROOT)/CatchLife/PCHeader.h";
				INFOPLIST_FILE = CatchLifeTests/Info.plist;
				LD_RUNPATH_SEARCH_PATHS = "$(inherited) @executable_path/Frameworks @loader_path/Frameworks";
				PRODUCT_NAME = "$(TARGET_NAME)";
				TEST_HOST = "$(BUILT_PRODUCTS_DIR)/CatchLife.app/CatchLife";
			};
			name = Release;
		};
/* End XCBuildConfiguration section */

/* Begin XCConfigurationList section */
		883115721BF0BDD80022ADCD /* Build configuration list for PBXProject "CatchLife" */ = {
			isa = XCConfigurationList;
			buildConfigurations = (
				883115981BF0BDD80022ADCD /* Debug */,
				883115991BF0BDD80022ADCD /* Release */,
			);
			defaultConfigurationIsVisible = 0;
			defaultConfigurationName = Release;
		};
		8831159A1BF0BDD80022ADCD /* Build configuration list for PBXNativeTarget "CatchLife" */ = {
			isa = XCConfigurationList;
			buildConfigurations = (
				8831159B1BF0BDD80022ADCD /* Debug */,
				8831159C1BF0BDD80022ADCD /* Release */,
			);
			defaultConfigurationIsVisible = 0;
			defaultConfigurationName = Release;
		};
		8831159D1BF0BDD80022ADCD /* Build configuration list for PBXNativeTarget "CatchLifeTests" */ = {
			isa = XCConfigurationList;
			buildConfigurations = (
				8831159E1BF0BDD80022ADCD /* Debug */,
				8831159F1BF0BDD80022ADCD /* Release */,
			);
			defaultConfigurationIsVisible = 0;
			defaultConfigurationName = Release;
		};
/* End XCConfigurationList section */
	};
	rootObject = 8831156F1BF0BDD80022ADCD /* Project object */;
}
