// !$*UTF8*$!
{
	archiveVersion = 1;
	classes = {
	};
	objectVersion = 46;
	objects = {

/* Begin PBXBuildFile section */
		5DE3BA6287E68E8F6794D763 /* libPods.a in Frameworks */ = {isa = PBXBuildFile; fileRef = 2500890284AEA6A6C8433667 /* libPods.a */; };
		8831157D1BF0BDD80022ADCD /* main.m in Sources */ = {isa = PBXBuildFile; fileRef = 8831157C1BF0BDD80022ADCD /* main.m */; };
		883115801BF0BDD80022ADCD /* AppDelegate.m in Sources */ = {isa = PBXBuildFile; fileRef = 8831157F1BF0BDD80022ADCD /* AppDelegate.m */; };
		883115861BF0BDD80022ADCD /* Main.storyboard in Resources */ = {isa = PBXBuildFile; fileRef = 883115841BF0BDD80022ADCD /* Main.storyboard */; };
		883115881BF0BDD80022ADCD /* Images.xcassets in Resources */ = {isa = PBXBuildFile; fileRef = 883115871BF0BDD80022ADCD /* Images.xcassets */; };
		8831158B1BF0BDD80022ADCD /* LaunchScreen.xib in Resources */ = {isa = PBXBuildFile; fileRef = 883115891BF0BDD80022ADCD /* LaunchScreen.xib */; };
		883115971BF0BDD80022ADCD /* CatchLifeTests.m in Sources */ = {isa = PBXBuildFile; fileRef = 883115961BF0BDD80022ADCD /* CatchLifeTests.m */; };
		88ABA2491BF0F364007C6209 /* BaseController.m in Sources */ = {isa = PBXBuildFile; fileRef = 88ABA2431BF0F364007C6209 /* BaseController.m */; };
		88ABA24A1BF0F364007C6209 /* BaseController.m in Sources */ = {isa = PBXBuildFile; fileRef = 88ABA2431BF0F364007C6209 /* BaseController.m */; };
		88ABA24B1BF0F364007C6209 /* ViewController.m in Sources */ = {isa = PBXBuildFile; fileRef = 88ABA2451BF0F364007C6209 /* ViewController.m */; };
		88ABA24C1BF0F364007C6209 /* ViewController.m in Sources */ = {isa = PBXBuildFile; fileRef = 88ABA2451BF0F364007C6209 /* ViewController.m */; };
/* End PBXBuildFile section */

/* Begin PBXContainerItemProxy section */
		883115911BF0BDD80022ADCD /* PBXContainerItemProxy */ = {
			isa = PBXContainerItemProxy;
			containerPortal = 8831156F1BF0BDD80022ADCD /* Project object */;
			proxyType = 1;
			remoteGlobalIDString = 883115761BF0BDD80022ADCD;
			remoteInfo = CatchLife;
		};
/* End PBXContainerItemProxy section */

/* Begin PBXFileReference section */
		2500890284AEA6A6C8433667 /* libPods.a */ = {isa = PBXFileReference; explicitFileType = archive.ar; includeInIndex = 0; path = libPods.a; sourceTree = BUILT_PRODUCTS_DIR; };
		25F674448317D05BB84B6A6A /* Pods.debug.xcconfig */ = {isa = PBXFileReference; includeInIndex = 1; lastKnownFileType = text.xcconfig; name = Pods.debug.xcconfig; path = "Pods/Target Support Files/Pods/Pods.debug.xcconfig"; sourceTree = "<group>"; };
		883115771BF0BDD80022ADCD /* CatchLife.app */ = {isa = PBXFileReference; explicitFileType = wrapper.application; includeInIndex = 0; path = CatchLife.app; sourceTree = BUILT_PRODUCTS_DIR; };
		8831157B1BF0BDD80022ADCD /* Info.plist */ = {isa = PBXFileReference; lastKnownFileType = text.plist.xml; path = Info.plist; sourceTree = "<group>"; };
		8831157C1BF0BDD80022ADCD /* main.m */ = {isa = PBXFileReference; lastKnownFileType = sourcecode.c.objc; path = main.m; sourceTree = "<group>"; };
		8831157E1BF0BDD80022ADCD /* AppDelegate.h */ = {isa = PBXFileReference; lastKnownFileType = sourcecode.c.h; path = AppDelegate.h; sourceTree = "<group>"; };
		8831157F1BF0BDD80022ADCD /* AppDelegate.m */ = {isa = PBXFileReference; lastKnownFileType = sourcecode.c.objc; path = AppDelegate.m; sourceTree = "<group>"; };
		883115851BF0BDD80022ADCD /* Base */ = {isa = PBXFileReference; lastKnownFileType = file.storyboard; name = Base; path = Base.lproj/Main.storyboard; sourceTree = "<group>"; };
		883115871BF0BDD80022ADCD /* Images.xcassets */ = {isa = PBXFileReference; lastKnownFileType = folder.assetcatalog; path = Images.xcassets; sourceTree = "<group>"; };
		8831158A1BF0BDD80022ADCD /* Base */ = {isa = PBXFileReference; lastKnownFileType = file.xib; name = Base; path = Base.lproj/LaunchScreen.xib; sourceTree = "<group>"; };
		883115901BF0BDD80022ADCD /* CatchLifeTests.xctest */ = {isa = PBXFileReference; explicitFileType = wrapper.cfbundle; includeInIndex = 0; path = CatchLifeTests.xctest; sourceTree = BUILT_PRODUCTS_DIR; };
		883115951BF0BDD80022ADCD /* Info.plist */ = {isa = PBXFileReference; lastKnownFileType = text.plist.xml; path = Info.plist; sourceTree = "<group>"; };
		883115961BF0BDD80022ADCD /* CatchLifeTests.m */ = {isa = PBXFileReference; lastKnownFileType = sourcecode.c.objc; path = CatchLifeTests.m; sourceTree = "<group>"; };
		88ABA2421BF0F364007C6209 /* BaseController.h */ = {isa = PBXFileReference; fileEncoding = 4; lastKnownFileType = sourcecode.c.h; path = BaseController.h; sourceTree = "<group>"; };
		88ABA2431BF0F364007C6209 /* BaseController.m */ = {isa = PBXFileReference; fileEncoding = 4; lastKnownFileType = sourcecode.c.objc; path = BaseController.m; sourceTree = "<group>"; };
		88ABA2441BF0F364007C6209 /* ViewController.h */ = {isa = PBXFileReference; fileEncoding = 4; lastKnownFileType = sourcecode.c.h; path = ViewController.h; sourceTree = "<group>"; };
		88ABA2451BF0F364007C6209 /* ViewController.m */ = {isa = PBXFileReference; fileEncoding = 4; lastKnownFileType = sourcecode.c.objc; path = ViewController.m; sourceTree = "<group>"; };
		D9DC0BCDA981898826056711 /* Pods.release.xcconfig */ = {isa = PBXFileReference; includeInIndex = 1; lastKnownFileType = text.xcconfig; name = Pods.release.xcconfig; path = "Pods/Target Support Files/Pods/Pods.release.xcconfig"; sourceTree = "<group>"; };
/* End PBXFileReference section */

/* Begin PBXFrameworksBuildPhase section */
		883115741BF0BDD80022ADCD /* Frameworks */ = {
			isa = PBXFrameworksBuildPhase;
			buildActionMask = 2147483647;
			files = (
				5DE3BA6287E68E8F6794D763 /* libPods.a in Frameworks */,
			);
			runOnlyForDeploymentPostprocessing = 0;
		};
		8831158D1BF0BDD80022ADCD /* Frameworks */ = {
			isa = PBXFrameworksBuildPhase;
			buildActionMask = 2147483647;
			files = (
			);
			runOnlyForDeploymentPostprocessing = 0;
		};
/* End PBXFrameworksBuildPhase section */

/* Begin PBXGroup section */
		0870E741BFEA3006B5CF85D0 /* Pods */ = {
			isa = PBXGroup;
			children = (
				25F674448317D05BB84B6A6A /* Pods.debug.xcconfig */,
				D9DC0BCDA981898826056711 /* Pods.release.xcconfig */,
			);
			name = Pods;
			sourceTree = "<group>";
		};
		0C42ED1FE068D9ECFD771802 /* Frameworks */ = {
			isa = PBXGroup;
			children = (
				2500890284AEA6A6C8433667 /* libPods.a */,
			);
			name = Frameworks;
			sourceTree = "<group>";
		};
		8831156E1BF0BDD80022ADCD = {
			isa = PBXGroup;
			children = (
				883115791BF0BDD80022ADCD /* CatchLife */,
				883115931BF0BDD80022ADCD /* CatchLifeTests */,
				883115781BF0BDD80022ADCD /* Products */,
				0870E741BFEA3006B5CF85D0 /* Pods */,
				0C42ED1FE068D9ECFD771802 /* Frameworks */,
			);
			sourceTree = "<group>";
		};
		883115781BF0BDD80022ADCD /* Products */ = {
			isa = PBXGroup;
			children = (
				883115771BF0BDD80022ADCD /* CatchLife.app */,
				883115901BF0BDD80022ADCD /* CatchLifeTests.xctest */,
			);
			name = Products;
			sourceTree = "<group>";
		};
		883115791BF0BDD80022ADCD /* CatchLife */ = {
			isa = PBXGroup;
			children = (
				88ABA2361BF0F364007C6209 /* Class */,
				8831157E1BF0BDD80022ADCD /* AppDelegate.h */,
				8831157F1BF0BDD80022ADCD /* AppDelegate.m */,
				883115841BF0BDD80022ADCD /* Main.storyboard */,
				883115871BF0BDD80022ADCD /* Images.xcassets */,
				883115891BF0BDD80022ADCD /* LaunchScreen.xib */,
				8831157A1BF0BDD80022ADCD /* Supporting Files */,
			);
			path = CatchLife;
			sourceTree = "<group>";
		};
		8831157A1BF0BDD80022ADCD /* Supporting Files */ = {
			isa = PBXGroup;
			children = (
				8831157B1BF0BDD80022ADCD /* Info.plist */,
				8831157C1BF0BDD80022ADCD /* main.m */,
			);
			name = "Supporting Files";
			sourceTree = "<group>";
		};
		883115931BF0BDD80022ADCD /* CatchLifeTests */ = {
			isa = PBXGroup;
			children = (
				883115961BF0BDD80022ADCD /* CatchLifeTests.m */,
				883115941BF0BDD80022ADCD /* Supporting Files */,
			);
			path = CatchLifeTests;
			sourceTree = "<group>";
		};
		883115941BF0BDD80022ADCD /* Supporting Files */ = {
			isa = PBXGroup;
			children = (
				883115951BF0BDD80022ADCD /* Info.plist */,
			);
			name = "Supporting Files";
			sourceTree = "<group>";
		};
		88ABA2361BF0F364007C6209 /* Class */ = {
			isa = PBXGroup;
			children = (
				88ABA2371BF0F364007C6209 /* Extention */,
				88ABA2381BF0F364007C6209 /* GroupBuy(团购) */,
				88ABA2391BF0F364007C6209 /* Life(生活) */,
				88ABA2401BF0F364007C6209 /* Main */,
				88ABA2481BF0F364007C6209 /* Recreation(娱乐) */,
			);
			path = Class;
			sourceTree = "<group>";
		};
		88ABA2371BF0F364007C6209 /* Extention */ = {
			isa = PBXGroup;
			children = (
			);
			path = Extention;
			sourceTree = "<group>";
		};
		88ABA2381BF0F364007C6209 /* GroupBuy(团购) */ = {
			isa = PBXGroup;
			children = (
			);
			path = "GroupBuy(团购)";
			sourceTree = "<group>";
		};
		88ABA2391BF0F364007C6209 /* Life(生活) */ = {
			isa = PBXGroup;
			children = (
				88ABA23A1BF0F364007C6209 /* Base */,
				88ABA23B1BF0F364007C6209 /* MainController */,
				88ABA23C1BF0F364007C6209 /* Model */,
				88ABA23D1BF0F364007C6209 /* SearchControllers */,
				88ABA23E1BF0F364007C6209 /* Tool */,
				88ABA23F1BF0F364007C6209 /* View */,
			);
			path = "Life(生活)";
			sourceTree = "<group>";
		};
		88ABA23A1BF0F364007C6209 /* Base */ = {
			isa = PBXGroup;
			children = (
			);
			path = Base;
			sourceTree = "<group>";
		};
		88ABA23B1BF0F364007C6209 /* MainController */ = {
			isa = PBXGroup;
			children = (
			);
			path = MainController;
			sourceTree = "<group>";
		};
		88ABA23C1BF0F364007C6209 /* Model */ = {
			isa = PBXGroup;
			children = (
			);
			path = Model;
			sourceTree = "<group>";
		};
		88ABA23D1BF0F364007C6209 /* SearchControllers */ = {
			isa = PBXGroup;
			children = (
			);
			path = SearchControllers;
			sourceTree = "<group>";
		};
		88ABA23E1BF0F364007C6209 /* Tool */ = {
			isa = PBXGroup;
			children = (
			);
			path = Tool;
			sourceTree = "<group>";
		};
		88ABA23F1BF0F364007C6209 /* View */ = {
			isa = PBXGroup;
			children = (
			);
			path = View;
			sourceTree = "<group>";
		};
		88ABA2401BF0F364007C6209 /* Main */ = {
			isa = PBXGroup;
			children = (
				88ABA2411BF0F364007C6209 /* Controller */,
				88ABA2461BF0F364007C6209 /* Model */,
				88ABA2471BF0F364007C6209 /* View */,
			);
			path = Main;
			sourceTree = "<group>";
		};
		88ABA2411BF0F364007C6209 /* Controller */ = {
			isa = PBXGroup;
			children = (
				88ABA2421BF0F364007C6209 /* BaseController.h */,
				88ABA2431BF0F364007C6209 /* BaseController.m */,
				88ABA2441BF0F364007C6209 /* ViewController.h */,
				88ABA2451BF0F364007C6209 /* ViewController.m */,
			);
			path = Controller;
			sourceTree = "<group>";
		};
		88ABA2461BF0F364007C6209 /* Model */ = {
			isa = PBXGroup;
			children = (
			);
			path = Model;
			sourceTree = "<group>";
		};
		88ABA2471BF0F364007C6209 /* View */ = {
			isa = PBXGroup;
			children = (
			);
			path = View;
			sourceTree = "<group>";
		};
		88ABA2481BF0F364007C6209 /* Recreation(娱乐) */ = {
			isa = PBXGroup;
			children = (
			);
			path = "Recreation(娱乐)";
			sourceTree = "<group>";
		};
/* End PBXGroup section */

/* Begin PBXNativeTarget section */
		883115761BF0BDD80022ADCD /* CatchLife */ = {
			isa = PBXNativeTarget;
			buildConfigurationList = 8831159A1BF0BDD80022ADCD /* Build configuration list for PBXNativeTarget "CatchLife" */;
			buildPhases = (
				4A188B423A06732EE8B3F6AF /* Check Pods Manifest.lock */,
				883115731BF0BDD80022ADCD /* Sources */,
				883115741BF0BDD80022ADCD /* Frameworks */,
				883115751BF0BDD80022ADCD /* Resources */,
				7395CE2D83300B3BB7A79638 /* Embed Pods Frameworks */,
				8A4115456BBE38024A4C7510 /* Copy Pods Resources */,
			);
			buildRules = (
			);
			dependencies = (
			);
			name = CatchLife;
			productName = CatchLife;
			productReference = 883115771BF0BDD80022ADCD /* CatchLife.app */;
			productType = "com.apple.product-type.application";
		};
		8831158F1BF0BDD80022ADCD /* CatchLifeTests */ = {
			isa = PBXNativeTarget;
			buildConfigurationList = 8831159D1BF0BDD80022ADCD /* Build configuration list for PBXNativeTarget "CatchLifeTests" */;
			buildPhases = (
				8831158C1BF0BDD80022ADCD /* Sources */,
				8831158D1BF0BDD80022ADCD /* Frameworks */,
				8831158E1BF0BDD80022ADCD /* Resources */,
			);
			buildRules = (
			);
			dependencies = (
				883115921BF0BDD80022ADCD /* PBXTargetDependency */,
			);
			name = CatchLifeTests;
			productName = CatchLifeTests;
			productReference = 883115901BF0BDD80022ADCD /* CatchLifeTests.xctest */;
			productType = "com.apple.product-type.bundle.unit-test";
		};
/* End PBXNativeTarget section */

/* Begin PBXProject section */
		8831156F1BF0BDD80022ADCD /* Project object */ = {
			isa = PBXProject;
			attributes = {
				LastUpgradeCheck = 0640;
				ORGANIZATIONNAME = iMAC;
				TargetAttributes = {
					883115761BF0BDD80022ADCD = {
						CreatedOnToolsVersion = 6.4;
					};
					8831158F1BF0BDD80022ADCD = {
						CreatedOnToolsVersion = 6.4;
						TestTargetID = 883115761BF0BDD80022ADCD;
					};
				};
			};
			buildConfigurationList = 883115721BF0BDD80022ADCD /* Build configuration list for PBXProject "CatchLife" */;
			compatibilityVersion = "Xcode 3.2";
			developmentRegion = English;
			hasScannedForEncodings = 0;
			knownRegions = (
				en,
				Base,
			);
			mainGroup = 8831156E1BF0BDD80022ADCD;
			productRefGroup = 883115781BF0BDD80022ADCD /* Products */;
			projectDirPath = "";
			projectRoot = "";
			targets = (
				883115761BF0BDD80022ADCD /* CatchLife */,
				8831158F1BF0BDD80022ADCD /* CatchLifeTests */,
			);
		};
/* End PBXProject section */

/* Begin PBXResourcesBuildPhase section */
		883115751BF0BDD80022ADCD /* Resources */ = {
			isa = PBXResourcesBuildPhase;
			buildActionMask = 2147483647;
			files = (
				883115861BF0BDD80022ADCD /* Main.storyboard in Resources */,
				8831158B1BF0BDD80022ADCD /* LaunchScreen.xib in Resources */,
				883115881BF0BDD80022ADCD /* Images.xcassets in Resources */,
			);
			runOnlyForDeploymentPostprocessing = 0;
		};
		8831158E1BF0BDD80022ADCD /* Resources */ = {
			isa = PBXResourcesBuildPhase;
			buildActionMask = 2147483647;
			files = (
			);
			runOnlyForDeploymentPostprocessing = 0;
		};
/* End PBXResourcesBuildPhase section */

/* Begin PBXShellScriptBuildPhase section */
		4A188B423A06732EE8B3F6AF /* Check Pods Manifest.lock */ = {
			isa = PBXShellScriptBuildPhase;
			buildActionMask = 2147483647;
			files = (
			);
			inputPaths = (
			);
			name = "Check Pods Manifest.lock";
			outputPaths = (
			);
			runOnlyForDeploymentPostprocessing = 0;
			shellPath = /bin/sh;
			shellScript = "diff \"${PODS_ROOT}/../Podfile.lock\" \"${PODS_ROOT}/Manifest.lock\" > /dev/null\nif [[ $? != 0 ]] ; then\n    cat << EOM\nerror: The sandbox is not in sync with the Podfile.lock. Run 'pod install' or update your CocoaPods installation.\nEOM\n    exit 1\nfi\n";
			showEnvVarsInLog = 0;
		};
		7395CE2D83300B3BB7A79638 /* Embed Pods Frameworks */ = {
			isa = PBXShellScriptBuildPhase;
			buildActionMask = 2147483647;
			files = (
			);
			inputPaths = (
			);
			name = "Embed Pods Frameworks";
			outputPaths = (
			);
			runOnlyForDeploymentPostprocessing = 0;
			shellPath = /bin/sh;
			shellScript = "\"${SRCROOT}/Pods/Target Support Files/Pods/Pods-frameworks.sh\"\n";
			showEnvVarsInLog = 0;
		};
		8A4115456BBE38024A4C7510 /* Copy Pods Resources */ = {
			isa = PBXShellScriptBuildPhase;
			buildActionMask = 2147483647;
			files = (
			);
			inputPaths = (
			);
			name = "Copy Pods Resources";
			outputPaths = (
			);
			runOnlyForDeploymentPostprocessing = 0;
			shellPath = /bin/sh;
			shellScript = "\"${SRCROOT}/Pods/Target Support Files/Pods/Pods-resources.sh\"\n";
			showEnvVarsInLog = 0;
		};
/* End PBXShellScriptBuildPhase section */

/* Begin PBXSourcesBuildPhase section */
		883115731BF0BDD80022ADCD /* Sources */ = {
			isa = PBXSourcesBuildPhase;
			buildActionMask = 2147483647;
			files = (
				883115801BF0BDD80022ADCD /* AppDelegate.m in Sources */,
				88ABA2491BF0F364007C6209 /* BaseController.m in Sources */,
				88ABA24B1BF0F364007C6209 /* ViewController.m in Sources */,
				8831157D1BF0BDD80022ADCD /* main.m in Sources */,
			);
			runOnlyForDeploymentPostprocessing = 0;
		};
		8831158C1BF0BDD80022ADCD /* Sources */ = {
			isa = PBXSourcesBuildPhase;
			buildActionMask = 2147483647;
			files = (
				88ABA24C1BF0F364007C6209 /* ViewController.m in Sources */,
				88ABA24A1BF0F364007C6209 /* BaseController.m in Sources */,
				883115971BF0BDD80022ADCD /* CatchLifeTests.m in Sources */,
			);
			runOnlyForDeploymentPostprocessing = 0;
		};
/* End PBXSourcesBuildPhase section */

/* Begin PBXTargetDependency section */
		883115921BF0BDD80022ADCD /* PBXTargetDependency */ = {
			isa = PBXTargetDependency;
			target = 883115761BF0BDD80022ADCD /* CatchLife */;
			targetProxy = 883115911BF0BDD80022ADCD /* PBXContainerItemProxy */;
		};
/* End PBXTargetDependency section */

/* Begin PBXVariantGroup section */
		883115841BF0BDD80022ADCD /* Main.storyboard */ = {
			isa = PBXVariantGroup;
			children = (
				883115851BF0BDD80022ADCD /* Base */,
			);
			name = Main.storyboard;
			sourceTree = "<group>";
		};
		883115891BF0BDD80022ADCD /* LaunchScreen.xib */ = {
			isa = PBXVariantGroup;
			children = (
				8831158A1BF0BDD80022ADCD /* Base */,
			);
			name = LaunchScreen.xib;
			sourceTree = "<group>";
		};
/* End PBXVariantGroup section */

/* Begin XCBuildConfiguration section */
		883115981BF0BDD80022ADCD /* Debug */ = {
			isa = XCBuildConfiguration;
			buildSettings = {
				ALWAYS_SEARCH_USER_PATHS = NO;
				CLANG_CXX_LANGUAGE_STANDARD = "gnu++0x";
				CLANG_CXX_LIBRARY = "libc++";
				CLANG_ENABLE_MODULES = YES;
				CLANG_ENABLE_OBJC_ARC = YES;
				CLANG_WARN_BOOL_CONVERSION = YES;
				CLANG_WARN_CONSTANT_CONVERSION = YES;
				CLANG_WARN_DIRECT_OBJC_ISA_USAGE = YES_ERROR;
				CLANG_WARN_EMPTY_BODY = YES;
				CLANG_WARN_ENUM_CONVERSION = YES;
				CLANG_WARN_INT_CONVERSION = YES;
				CLANG_WARN_OBJC_ROOT_CLASS = YES_ERROR;
				CLANG_WARN_UNREACHABLE_CODE = YES;
				CLANG_WARN__DUPLICATE_METHOD_MATCH = YES;
				"CODE_SIGN_IDENTITY[sdk=iphoneos*]" = "iPhone Developer";
				COPY_PHASE_STRIP = NO;
				DEBUG_INFORMATION_FORMAT = "dwarf-with-dsym";
				ENABLE_STRICT_OBJC_MSGSEND = YES;
				GCC_C_LANGUAGE_STANDARD = gnu99;
				GCC_DYNAMIC_NO_PIC = NO;
				GCC_NO_COMMON_BLOCKS = YES;
				GCC_OPTIMIZATION_LEVEL = 0;
				GCC_PREPROCESSOR_DEFINITIONS = (
					"DEBUG=1",
					"$(inherited)",
				);
				GCC_SYMBOLS_PRIVATE_EXTERN = NO;
				GCC_WARN_64_TO_32_BIT_CONVERSION = YES;
				GCC_WARN_ABOUT_RETURN_TYPE = YES_ERROR;
				GCC_WARN_UNDECLARED_SELECTOR = YES;
				GCC_WARN_UNINITIALIZED_AUTOS = YES_AGGRESSIVE;
				GCC_WARN_UNUSED_FUNCTION = YES;
				GCC_WARN_UNUSED_VARIABLE = YES;
				IPHONEOS_DEPLOYMENT_TARGET = 8.4;
				MTL_ENABLE_DEBUG_INFO = YES;
				ONLY_ACTIVE_ARCH = YES;
				SDKROOT = iphoneos;
			};
			name = Debug;
		};
		883115991BF0BDD80022ADCD /* Release */ = {
			isa = XCBuildConfiguration;
			buildSettings = {
				ALWAYS_SEARCH_USER_PATHS = NO;
				CLANG_CXX_LANGUAGE_STANDARD = "gnu++0x";
				CLANG_CXX_LIBRARY = "libc++";
				CLANG_ENABLE_MODULES = YES;
				CLANG_ENABLE_OBJC_ARC = YES;
				CLANG_WARN_BOOL_CONVERSION = YES;
				CLANG_WARN_CONSTANT_CONVERSION = YES;
				CLANG_WARN_DIRECT_OBJC_ISA_USAGE = YES_ERROR;
				CLANG_WARN_EMPTY_BODY = YES;
				CLANG_WARN_ENUM_CONVERSION = YES;
				CLANG_WARN_INT_CONVERSION = YES;
				CLANG_WARN_OBJC_ROOT_CLASS = YES_ERROR;
				CLANG_WARN_UNREACHABLE_CODE = YES;
				CLANG_WARN__DUPLICATE_METHOD_MATCH = YES;
				"CODE_SIGN_IDENTITY[sdk=iphoneos*]" = "iPhone Developer";
				COPY_PHASE_STRIP = NO;
				DEBUG_INFORMATION_FORMAT = "dwarf-with-dsym";
				ENABLE_NS_ASSERTIONS = NO;
				ENABLE_STRICT_OBJC_MSGSEND = YES;
				GCC_C_LANGUAGE_STANDARD = gnu99;
				GCC_NO_COMMON_BLOCKS = YES;
				GCC_WARN_64_TO_32_BIT_CONVERSION = YES;
				GCC_WARN_ABOUT_RETURN_TYPE = YES_ERROR;
				GCC_WARN_UNDECLARED_SELECTOR = YES;
				GCC_WARN_UNINITIALIZED_AUTOS = YES_AGGRESSIVE;
				GCC_WARN_UNUSED_FUNCTION = YES;
				GCC_WARN_UNUSED_VARIABLE = YES;
				IPHONEOS_DEPLOYMENT_TARGET = 8.4;
				MTL_ENABLE_DEBUG_INFO = NO;
				SDKROOT = iphoneos;
				VALIDATE_PRODUCT = YES;
			};
			name = Release;
		};
		8831159B1BF0BDD80022ADCD /* Debug */ = {
			isa = XCBuildConfiguration;
			baseConfigurationReference = 25F674448317D05BB84B6A6A /* Pods.debug.xcconfig */;
			buildSettings = {
				ASSETCATALOG_COMPILER_APPICON_NAME = AppIcon;
				INFOPLIST_FILE = CatchLife/Info.plist;
				LD_RUNPATH_SEARCH_PATHS = "$(inherited) @executable_path/Frameworks";
				PRODUCT_NAME = "$(TARGET_NAME)";
			};
			name = Debug;
		};
		8831159C1BF0BDD80022ADCD /* Release */ = {
			isa = XCBuildConfiguration;
			baseConfigurationReference = D9DC0BCDA981898826056711 /* Pods.release.xcconfig */;
			buildSettings = {
				ASSETCATALOG_COMPILER_APPICON_NAME = AppIcon;
				INFOPLIST_FILE = CatchLife/Info.plist;
				LD_RUNPATH_SEARCH_PATHS = "$(inherited) @executable_path/Frameworks";
				PRODUCT_NAME = "$(TARGET_NAME)";
			};
			name = Release;
		};
		8831159E1BF0BDD80022ADCD /* Debug */ = {
			isa = XCBuildConfiguration;
			buildSettings = {
				BUNDLE_LOADER = "$(TEST_HOST)";
				FRAMEWORK_SEARCH_PATHS = (
					"$(SDKROOT)/Developer/Library/Frameworks",
					"$(inherited)",
				);
				GCC_PREPROCESSOR_DEFINITIONS = (
					"DEBUG=1",
					"$(inherited)",
				);
				INFOPLIST_FILE = CatchLifeTests/Info.plist;
				LD_RUNPATH_SEARCH_PATHS = "$(inherited) @executable_path/Frameworks @loader_path/Frameworks";
				PRODUCT_NAME = "$(TARGET_NAME)";
				TEST_HOST = "$(BUILT_PRODUCTS_DIR)/CatchLife.app/CatchLife";
			};
			name = Debug;
		};
		8831159F1BF0BDD80022ADCD /* Release */ = {
			isa = XCBuildConfiguration;
			buildSettings = {
				BUNDLE_LOADER = "$(TEST_HOST)";
				FRAMEWORK_SEARCH_PATHS = (
					"$(SDKROOT)/Developer/Library/Frameworks",
					"$(inherited)",
				);
				INFOPLIST_FILE = CatchLifeTests/Info.plist;
				LD_RUNPATH_SEARCH_PATHS = "$(inherited) @executable_path/Frameworks @loader_path/Frameworks";
				PRODUCT_NAME = "$(TARGET_NAME)";
				TEST_HOST = "$(BUILT_PRODUCTS_DIR)/CatchLife.app/CatchLife";
			};
			name = Release;
		};
/* End XCBuildConfiguration section */

/* Begin XCConfigurationList section */
		883115721BF0BDD80022ADCD /* Build configuration list for PBXProject "CatchLife" */ = {
			isa = XCConfigurationList;
			buildConfigurations = (
				883115981BF0BDD80022ADCD /* Debug */,
				883115991BF0BDD80022ADCD /* Release */,
			);
			defaultConfigurationIsVisible = 0;
			defaultConfigurationName = Release;
		};
		8831159A1BF0BDD80022ADCD /* Build configuration list for PBXNativeTarget "CatchLife" */ = {
			isa = XCConfigurationList;
			buildConfigurations = (
				8831159B1BF0BDD80022ADCD /* Debug */,
				8831159C1BF0BDD80022ADCD /* Release */,
			);
			defaultConfigurationIsVisible = 0;
			defaultConfigurationName = Release;
		};
		8831159D1BF0BDD80022ADCD /* Build configuration list for PBXNativeTarget "CatchLifeTests" */ = {
			isa = XCConfigurationList;
			buildConfigurations = (
				8831159E1BF0BDD80022ADCD /* Debug */,
				8831159F1BF0BDD80022ADCD /* Release */,
			);
			defaultConfigurationIsVisible = 0;
			defaultConfigurationName = Release;
		};
/* End XCConfigurationList section */
	};
	rootObject = 8831156F1BF0BDD80022ADCD /* Project object */;
}
